
Microsoft Visual Studio Solution File, Format Version 12.00
Project("{FAE04EC0-301F-11D3-BF4B-00C04F79EFBC}") = "lab16", "lab16.csproj", "{DF0937B5-35FB-439D-969B-60608CABAA02}"
EndProject
Global
	GlobalSection(SolutionConfigurationPlatforms) = preSolution
		Debug|Any CPU = Debug|Any CPU
		Release|Any CPU = Release|Any CPU
	EndGlobalSection
	GlobalSection(ProjectConfigurationPlatforms) = postSolution
		{DF0937B5-35FB-439D-969B-60608CABAA02}.Debug|Any CPU.ActiveCfg = Debug|Any CPU
		{DF0937B5-35FB-439D-969B-60608CABAA02}.Debug|Any CPU.Build.0 = Debug|Any CPU
		{DF0937B5-35FB-439D-969B-60608CABAA02}.Release|Any CPU.ActiveCfg = Release|Any CPU
		{DF0937B5-35FB-439D-969B-60608CABAA02}.Release|Any CPU.Build.0 = Release|Any CPU
	EndGlobalSection
EndGlobal
